PODS:
  - Alamofire (4.9.1)
  - SwiftyXMLParser (5.0.0)

DEPENDENCIES:
  - Alamofire (~> 4.4)
  - SwiftyXMLParser

SPEC REPOS:
  trunk:
    - Alamofire
    - SwiftyXMLParser

SPEC CHECKSUMS:
  Alamofire: 85e8a02c69d6020a0d734f6054870d7ecb75cf18
  SwiftyXMLParser: 5ebb8793192f403fa8cc691045143906122a7a75

PODFILE CHECKSUM: 044d7d03f3f31af3cc865e0d8ea3711f5d7c4b73

COCOAPODS: 1.8.4
