// !$*UTF8*$!
{
	archiveVersion = 1;
	classes = {
	};
	objectVersion = 51;
	objects = {

/* Begin PBXBuildFile section */
		1B4D1B411C76210884D71DDA /* Pods_Covid_19.framework in Frameworks */ = {isa = PBXBuildFile; fileRef = 08CF31BE844E6C0AAC543643 /* Pods_Covid_19.framework */; };
		1F92AAA1250BE770006B2692 /* AppDelegate.swift in Sources */ = {isa = PBXBuildFile; fileRef = 1F92AAA0250BE770006B2692 /* AppDelegate.swift */; };
		1F92AAA5250BE770006B2692 /* ViewController.swift in Sources */ = {isa = PBXBuildFile; fileRef = 1F92AAA4250BE770006B2692 /* ViewController.swift */; };
		1F92AAA8250BE770006B2692 /* Main.storyboard in Resources */ = {isa = PBXBuildFile; fileRef = 1F92AAA6250BE770006B2692 /* Main.storyboard */; };
		1F92AAAA250BE771006B2692 /* Assets.xcassets in Resources */ = {isa = PBXBuildFile; fileRef = 1F92AAA9250BE771006B2692 /* Assets.xcassets */; };
		1F92AAAD250BE771006B2692 /* LaunchScreen.storyboard in Resources */ = {isa = PBXBuildFile; fileRef = 1F92AAAB250BE771006B2692 /* LaunchScreen.storyboard */; };
		1FC966AA250CECAD00095EA7 /* Covid.swift in Sources */ = {isa = PBXBuildFile; fileRef = 1FC966A9250CECAD00095EA7 /* Covid.swift */; };
		1FC966AC250CED7100095EA7 /* Global.swift in Sources */ = {isa = PBXBuildFile; fileRef = 1FC966AB250CED7100095EA7 /* Global.swift */; };
		1FC966AE250CEDB200095EA7 /* Network.swift in Sources */ = {isa = PBXBuildFile; fileRef = 1FC966AD250CEDB200095EA7 /* Network.swift */; };
		1FC966B0250CF86200095EA7 /* CalenderViewController.swift in Sources */ = {isa = PBXBuildFile; fileRef = 1FC966AF250CF86200095EA7 /* CalenderViewController.swift */; };
/* End PBXBuildFile section */

/* Begin PBXFileReference section */
		08CF31BE844E6C0AAC543643 /* Pods_Covid_19.framework */ = {isa = PBXFileReference; explicitFileType = wrapper.framework; includeInIndex = 0; path = Pods_Covid_19.framework; sourceTree = BUILT_PRODUCTS_DIR; };
		11F248B2386EB8C8016AE370 /* Pods-Covid-19.debug.xcconfig */ = {isa = PBXFileReference; includeInIndex = 1; lastKnownFileType = text.xcconfig; name = "Pods-Covid-19.debug.xcconfig"; path = "Target Support Files/Pods-Covid-19/Pods-Covid-19.debug.xcconfig"; sourceTree = "<group>"; };
		1F92AA9D250BE770006B2692 /* Covid-19.app */ = {isa = PBXFileReference; explicitFileType = wrapper.application; includeInIndex = 0; path = "Covid-19.app"; sourceTree = BUILT_PRODUCTS_DIR; };
		1F92AAA0250BE770006B2692 /* AppDelegate.swift */ = {isa = PBXFileReference; lastKnownFileType = sourcecode.swift; path = AppDelegate.swift; sourceTree = "<group>"; };
		1F92AAA4250BE770006B2692 /* ViewController.swift */ = {isa = PBXFileReference; lastKnownFileType = sourcecode.swift; path = ViewController.swift; sourceTree = "<group>"; };
		1F92AAA7250BE770006B2692 /* Base */ = {isa = PBXFileReference; lastKnownFileType = file.storyboard; name = Base; path = Base.lproj/Main.storyboard; sourceTree = "<group>"; };
		1F92AAA9250BE771006B2692 /* Assets.xcassets */ = {isa = PBXFileReference; lastKnownFileType = folder.assetcatalog; path = Assets.xcassets; sourceTree = "<group>"; };
		1F92AAAC250BE771006B2692 /* Base */ = {isa = PBXFileReference; lastKnownFileType = file.storyboard; name = Base; path = Base.lproj/LaunchScreen.storyboard; sourceTree = "<group>"; };
		1F92AAAE250BE771006B2692 /* Info.plist */ = {isa = PBXFileReference; lastKnownFileType = text.plist.xml; path = Info.plist; sourceTree = "<group>"; };
		1FC966A9250CECAD00095EA7 /* Covid.swift */ = {isa = PBXFileReference; lastKnownFileType = sourcecode.swift; path = Covid.swift; sourceTree = "<group>"; };
		1FC966AB250CED7100095EA7 /* Global.swift */ = {isa = PBXFileReference; lastKnownFileType = sourcecode.swift; path = Global.swift; sourceTree = "<group>"; };
		1FC966AD250CEDB200095EA7 /* Network.swift */ = {isa = PBXFileReference; lastKnownFileType = sourcecode.swift; path = Network.swift; sourceTree = "<group>"; };
		1FC966AF250CF86200095EA7 /* CalenderViewController.swift */ = {isa = PBXFileReference; lastKnownFileType = sourcecode.swift; path = CalenderViewController.swift; sourceTree = "<group>"; };
		2BC833DFA9ABB151B6C344AE /* Pods-Covid-19.release.xcconfig */ = {isa = PBXFileReference; includeInIndex = 1; lastKnownFileType = text.xcconfig; name = "Pods-Covid-19.release.xcconfig"; path = "Target Support Files/Pods-Covid-19/Pods-Covid-19.release.xcconfig"; sourceTree = "<group>"; };
/* End PBXFileReference section */

/* Begin PBXFrameworksBuildPhase section */
		1F92AA9A250BE770006B2692 /* Frameworks */ = {
			isa = PBXFrameworksBuildPhase;
			buildActionMask = 2147483647;
			files = (
				1B4D1B411C76210884D71DDA /* Pods_Covid_19.framework in Frameworks */,
			);
			runOnlyForDeploymentPostprocessing = 0;
		};
/* End PBXFrameworksBuildPhase section */

/* Begin PBXGroup section */
		1F92AA94250BE770006B2692 = {
			isa = PBXGroup;
			children = (
				1F92AA9F250BE770006B2692 /* Covid-19 */,
				1F92AA9E250BE770006B2692 /* Products */,
				91FE347B4C86A4E5E6E33B94 /* Pods */,
				FCDFFADEFC487E18EB94AB7A /* Frameworks */,
			);
			sourceTree = "<group>";
		};
		1F92AA9E250BE770006B2692 /* Products */ = {
			isa = PBXGroup;
			children = (
				1F92AA9D250BE770006B2692 /* Covid-19.app */,
			);
			name = Products;
			sourceTree = "<group>";
		};
		1F92AA9F250BE770006B2692 /* Covid-19 */ = {
			isa = PBXGroup;
			children = (
				1F92AAA0250BE770006B2692 /* AppDelegate.swift */,
				1F92AAA4250BE770006B2692 /* ViewController.swift */,
				1FC966AD250CEDB200095EA7 /* Network.swift */,
				1FC966A9250CECAD00095EA7 /* Covid.swift */,
				1FC966AB250CED7100095EA7 /* Global.swift */,
				1F92AAA6250BE770006B2692 /* Main.storyboard */,
				1F92AAA9250BE771006B2692 /* Assets.xcassets */,
				1F92AAAB250BE771006B2692 /* LaunchScreen.storyboard */,
				1F92AAAE250BE771006B2692 /* Info.plist */,
				1FC966AF250CF86200095EA7 /* CalenderViewController.swift */,
			);
			path = "Covid-19";
			sourceTree = "<group>";
		};
		91FE347B4C86A4E5E6E33B94 /* Pods */ = {
			isa = PBXGroup;
			children = (
				11F248B2386EB8C8016AE370 /* Pods-Covid-19.debug.xcconfig */,
				2BC833DFA9ABB151B6C344AE /* Pods-Covid-19.release.xcconfig */,
			);
			path = Pods;
			sourceTree = "<group>";
		};
		FCDFFADEFC487E18EB94AB7A /* Frameworks */ = {
			isa = PBXGroup;
			children = (
				08CF31BE844E6C0AAC543643 /* Pods_Covid_19.framework */,
			);
			name = Frameworks;
			sourceTree = "<group>";
		};
/* End PBXGroup section */

/* Begin PBXNativeTarget section */
		1F92AA9C250BE770006B2692 /* Covid-19 */ = {
			isa = PBXNativeTarget;
			buildConfigurationList = 1F92AAB1250BE771006B2692 /* Build configuration list for PBXNativeTarget "Covid-19" */;
			buildPhases = (
				CF3DD438774C864B28C3F4B0 /* [CP] Check Pods Manifest.lock */,
				1F92AA99250BE770006B2692 /* Sources */,
				1F92AA9A250BE770006B2692 /* Frameworks */,
				1F92AA9B250BE770006B2692 /* Resources */,
				FE50A8EC97B546ABC8674D0A /* [CP] Embed Pods Frameworks */,
			);
			buildRules = (
			);
			dependencies = (
			);
			name = "Covid-19";
			productName = "Covid-19";
			productReference = 1F92AA9D250BE770006B2692 /* Covid-19.app */;
			productType = "com.apple.product-type.application";
		};
/* End PBXNativeTarget section */

/* Begin PBXProject section */
		1F92AA95250BE770006B2692 /* Project object */ = {
			isa = PBXProject;
			attributes = {
				LastSwiftUpdateCheck = 1160;
				LastUpgradeCheck = 1160;
				ORGANIZATIONNAME = HyunInKim;
				TargetAttributes = {
					1F92AA9C250BE770006B2692 = {
						CreatedOnToolsVersion = 11.6;
					};
				};
			};
			buildConfigurationList = 1F92AA98250BE770006B2692 /* Build configuration list for PBXProject "Covid-19" */;
			compatibilityVersion = "Xcode 9.3";
			developmentRegion = en;
			hasScannedForEncodings = 0;
			knownRegions = (
				en,
				Base,
			);
			mainGroup = 1F92AA94250BE770006B2692;
			productRefGroup = 1F92AA9E250BE770006B2692 /* Products */;
			projectDirPath = "";
			projectRoot = "";
			targets = (
				1F92AA9C250BE770006B2692 /* Covid-19 */,
			);
		};
/* End PBXProject section */

/* Begin PBXResourcesBuildPhase section */
		1F92AA9B250BE770006B2692 /* Resources */ = {
			isa = PBXResourcesBuildPhase;
			buildActionMask = 2147483647;
			files = (
				1F92AAAD250BE771006B2692 /* LaunchScreen.storyboard in Resources */,
				1F92AAAA250BE771006B2692 /* Assets.xcassets in Resources */,
				1F92AAA8250BE770006B2692 /* Main.storyboard in Resources */,
			);
			runOnlyForDeploymentPostprocessing = 0;
		};
/* End PBXResourcesBuildPhase section */

/* Begin PBXShellScriptBuildPhase section */
		CF3DD438774C864B28C3F4B0 /* [CP] Check Pods Manifest.lock */ = {
			isa = PBXShellScriptBuildPhase;
			buildActionMask = 2147483647;
			files = (
			);
			inputFileListPaths = (
			);
			inputPaths = (
				"${PODS_PODFILE_DIR_PATH}/Podfile.lock",
				"${PODS_ROOT}/Manifest.lock",
			);
			name = "[CP] Check Pods Manifest.lock";
			outputFileListPaths = (
			);
			outputPaths = (
				"$(DERIVED_FILE_DIR)/Pods-Covid-19-checkManifestLockResult.txt",
			);
			runOnlyForDeploymentPostprocessing = 0;
			shellPath = /bin/sh;
			shellScript = "diff \"${PODS_PODFILE_DIR_PATH}/Podfile.lock\" \"${PODS_ROOT}/Manifest.lock\" > /dev/null\nif [ $? != 0 ] ; then\n    # print error to STDERR\n    echo \"error: The sandbox is not in sync with the Podfile.lock. Run 'pod install' or update your CocoaPods installation.\" >&2\n    exit 1\nfi\n# This output is used by Xcode 'outputs' to avoid re-running this script phase.\necho \"SUCCESS\" > \"${SCRIPT_OUTPUT_FILE_0}\"\n";
			showEnvVarsInLog = 0;
		};
		FE50A8EC97B546ABC8674D0A /* [CP] Embed Pods Frameworks */ = {
			isa = PBXShellScriptBuildPhase;
			buildActionMask = 2147483647;
			files = (
			);
			inputFileListPaths = (
				"${PODS_ROOT}/Target Support Files/Pods-Covid-19/Pods-Covid-19-frameworks-${CONFIGURATION}-input-files.xcfilelist",
			);
			name = "[CP] Embed Pods Frameworks";
			outputFileListPaths = (
				"${PODS_ROOT}/Target Support Files/Pods-Covid-19/Pods-Covid-19-frameworks-${CONFIGURATION}-output-files.xcfilelist",
			);
			runOnlyForDeploymentPostprocessing = 0;
			shellPath = /bin/sh;
			shellScript = "\"${PODS_ROOT}/Target Support Files/Pods-Covid-19/Pods-Covid-19-frameworks.sh\"\n";
			showEnvVarsInLog = 0;
		};
/* End PBXShellScriptBuildPhase section */

/* Begin PBXSourcesBuildPhase section */
		1F92AA99250BE770006B2692 /* Sources */ = {
			isa = PBXSourcesBuildPhase;
			buildActionMask = 2147483647;
			files = (
				1FC966B0250CF86200095EA7 /* CalenderViewController.swift in Sources */,
				1F92AAA5250BE770006B2692 /* ViewController.swift in Sources */,
				1F92AAA1250BE770006B2692 /* AppDelegate.swift in Sources */,
				1FC966AE250CEDB200095EA7 /* Network.swift in Sources */,
				1FC966AC250CED7100095EA7 /* Global.swift in Sources */,
				1FC966AA250CECAD00095EA7 /* Covid.swift in Sources */,
			);
			runOnlyForDeploymentPostprocessing = 0;
		};
/* End PBXSourcesBuildPhase section */

/* Begin PBXVariantGroup section */
		1F92AAA6250BE770006B2692 /* Main.storyboard */ = {
			isa = PBXVariantGroup;
			children = (
				1F92AAA7250BE770006B2692 /* Base */,
			);
			name = Main.storyboard;
			sourceTree = "<group>";
		};
		1F92AAAB250BE771006B2692 /* LaunchScreen.storyboard */ = {
			isa = PBXVariantGroup;
			children = (
				1F92AAAC250BE771006B2692 /* Base */,
			);
			name = LaunchScreen.storyboard;
			sourceTree = "<group>";
		};
/* End PBXVariantGroup section */

/* Begin XCBuildConfiguration section */
		1F92AAAF250BE771006B2692 /* Debug */ = {
			isa = XCBuildConfiguration;
			buildSettings = {
				ALWAYS_SEARCH_USER_PATHS = NO;
				CLANG_ANALYZER_NONNULL = YES;
				CLANG_ANALYZER_NUMBER_OBJECT_CONVERSION = YES_AGGRESSIVE;
				CLANG_CXX_LANGUAGE_STANDARD = "gnu++14";
				CLANG_CXX_LIBRARY = "libc++";
				CLANG_ENABLE_MODULES = YES;
				CLANG_ENABLE_OBJC_ARC = YES;
				CLANG_ENABLE_OBJC_WEAK = YES;
				CLANG_WARN_BLOCK_CAPTURE_AUTORELEASING = YES;
				CLANG_WARN_BOOL_CONVERSION = YES;
				CLANG_WARN_COMMA = YES;
				CLANG_WARN_CONSTANT_CONVERSION = YES;
				CLANG_WARN_DEPRECATED_OBJC_IMPLEMENTATIONS = YES;
				CLANG_WARN_DIRECT_OBJC_ISA_USAGE = YES_ERROR;
				CLANG_WARN_DOCUMENTATION_COMMENTS = YES;
				CLANG_WARN_EMPTY_BODY = YES;
				CLANG_WARN_ENUM_CONVERSION = YES;
				CLANG_WARN_INFINITE_RECURSION = YES;
				CLANG_WARN_INT_CONVERSION = YES;
				CLANG_WARN_NON_LITERAL_NULL_CONVERSION = YES;
				CLANG_WARN_OBJC_IMPLICIT_RETAIN_SELF = YES;
				CLANG_WARN_OBJC_LITERAL_CONVERSION = YES;
				CLANG_WARN_OBJC_ROOT_CLASS = YES_ERROR;
				CLANG_WARN_RANGE_LOOP_ANALYSIS = YES;
				CLANG_WARN_STRICT_PROTOTYPES = YES;
				CLANG_WARN_SUSPICIOUS_MOVE = YES;
				CLANG_WARN_UNGUARDED_AVAILABILITY = YES_AGGRESSIVE;
				CLANG_WARN_UNREACHABLE_CODE = YES;
				CLANG_WARN__DUPLICATE_METHOD_MATCH = YES;
				COPY_PHASE_STRIP = NO;
				DEBUG_INFORMATION_FORMAT = dwarf;
				ENABLE_STRICT_OBJC_MSGSEND = YES;
				ENABLE_TESTABILITY = YES;
				GCC_C_LANGUAGE_STANDARD = gnu11;
				GCC_DYNAMIC_NO_PIC = NO;
				GCC_NO_COMMON_BLOCKS = YES;
				GCC_OPTIMIZATION_LEVEL = 0;
				GCC_PREPROCESSOR_DEFINITIONS = (
					"DEBUG=1",
					"$(inherited)",
				);
				GCC_WARN_64_TO_32_BIT_CONVERSION = YES;
				GCC_WARN_ABOUT_RETURN_TYPE = YES_ERROR;
				GCC_WARN_UNDECLARED_SELECTOR = YES;
				GCC_WARN_UNINITIALIZED_AUTOS = YES_AGGRESSIVE;
				GCC_WARN_UNUSED_FUNCTION = YES;
				GCC_WARN_UNUSED_VARIABLE = YES;
				IPHONEOS_DEPLOYMENT_TARGET = 13.6;
				MTL_ENABLE_DEBUG_INFO = INCLUDE_SOURCE;
				MTL_FAST_MATH = YES;
				ONLY_ACTIVE_ARCH = YES;
				SDKROOT = iphoneos;
				SWIFT_ACTIVE_COMPILATION_CONDITIONS = DEBUG;
				SWIFT_OPTIMIZATION_LEVEL = "-Onone";
			};
			name = Debug;
		};
		1F92AAB0250BE771006B2692 /* Release */ = {
			isa = XCBuildConfiguration;
			buildSettings = {
				ALWAYS_SEARCH_USER_PATHS = NO;
				CLANG_ANALYZER_NONNULL = YES;
				CLANG_ANALYZER_NUMBER_OBJECT_CONVERSION = YES_AGGRESSIVE;
				CLANG_CXX_LANGUAGE_STANDARD = "gnu++14";
				CLANG_CXX_LIBRARY = "libc++";
				CLANG_ENABLE_MODULES = YES;
				CLANG_ENABLE_OBJC_ARC = YES;
				CLANG_ENABLE_OBJC_WEAK = YES;
				CLANG_WARN_BLOCK_CAPTURE_AUTORELEASING = YES;
				CLANG_WARN_BOOL_CONVERSION = YES;
				CLANG_WARN_COMMA = YES;
				CLANG_WARN_CONSTANT_CONVERSION = YES;
				CLANG_WARN_DEPRECATED_OBJC_IMPLEMENTATIONS = YES;
				CLANG_WARN_DIRECT_OBJC_ISA_USAGE = YES_ERROR;
				CLANG_WARN_DOCUMENTATION_COMMENTS = YES;
				CLANG_WARN_EMPTY_BODY = YES;
				CLANG_WARN_ENUM_CONVERSION = YES;
				CLANG_WARN_INFINITE_RECURSION = YES;
				CLANG_WARN_INT_CONVERSION = YES;
				CLANG_WARN_NON_LITERAL_NULL_CONVERSION = YES;
				CLANG_WARN_OBJC_IMPLICIT_RETAIN_SELF = YES;
				CLANG_WARN_OBJC_LITERAL_CONVERSION = YES;
				CLANG_WARN_OBJC_ROOT_CLASS = YES_ERROR;
				CLANG_WARN_RANGE_LOOP_ANALYSIS = YES;
				CLANG_WARN_STRICT_PROTOTYPES = YES;
				CLANG_WARN_SUSPICIOUS_MOVE = YES;
				CLANG_WARN_UNGUARDED_AVAILABILITY = YES_AGGRESSIVE;
				CLANG_WARN_UNREACHABLE_CODE = YES;
				CLANG_WARN__DUPLICATE_METHOD_MATCH = YES;
				COPY_PHASE_STRIP = NO;
				DEBUG_INFORMATION_FORMAT = "dwarf-with-dsym";
				ENABLE_NS_ASSERTIONS = NO;
				ENABLE_STRICT_OBJC_MSGSEND = YES;
				GCC_C_LANGUAGE_STANDARD = gnu11;
				GCC_NO_COMMON_BLOCKS = YES;
				GCC_WARN_64_TO_32_BIT_CONVERSION = YES;
				GCC_WARN_ABOUT_RETURN_TYPE = YES_ERROR;
				GCC_WARN_UNDECLARED_SELECTOR = YES;
				GCC_WARN_UNINITIALIZED_AUTOS = YES_AGGRESSIVE;
				GCC_WARN_UNUSED_FUNCTION = YES;
				GCC_WARN_UNUSED_VARIABLE = YES;
				IPHONEOS_DEPLOYMENT_TARGET = 13.6;
				MTL_ENABLE_DEBUG_INFO = NO;
				MTL_FAST_MATH = YES;
				SDKROOT = iphoneos;
				SWIFT_COMPILATION_MODE = wholemodule;
				SWIFT_OPTIMIZATION_LEVEL = "-O";
				VALIDATE_PRODUCT = YES;
			};
			name = Release;
		};
		1F92AAB2250BE771006B2692 /* Debug */ = {
			isa = XCBuildConfiguration;
			baseConfigurationReference = 11F248B2386EB8C8016AE370 /* Pods-Covid-19.debug.xcconfig */;
			buildSettings = {
				ASSETCATALOG_COMPILER_APPICON_NAME = AppIcon;
				CODE_SIGN_STYLE = Automatic;
				DEVELOPMENT_TEAM = L9M4W2KYRD;
				INFOPLIST_FILE = "Covid-19/Info.plist";
				IPHONEOS_DEPLOYMENT_TARGET = 11.0;
				LD_RUNPATH_SEARCH_PATHS = (
					"$(inherited)",
					"@executable_path/Frameworks",
				);
				PRODUCT_BUNDLE_IDENTIFIER = "com.KimHyunIn.Covid-19";
				PRODUCT_NAME = "$(TARGET_NAME)";
				SWIFT_VERSION = 5.0;
				TARGETED_DEVICE_FAMILY = "1,2";
			};
			name = Debug;
		};
		1F92AAB3250BE771006B2692 /* Release */ = {
			isa = XCBuildConfiguration;
			baseConfigurationReference = 2BC833DFA9ABB151B6C344AE /* Pods-Covid-19.release.xcconfig */;
			buildSettings = {
				ASSETCATALOG_COMPILER_APPICON_NAME = AppIcon;
				CODE_SIGN_STYLE = Automatic;
				DEVELOPMENT_TEAM = L9M4W2KYRD;
				INFOPLIST_FILE = "Covid-19/Info.plist";
				IPHONEOS_DEPLOYMENT_TARGET = 11.0;
				LD_RUNPATH_SEARCH_PATHS = (
					"$(inherited)",
					"@executable_path/Frameworks",
				);
				PRODUCT_BUNDLE_IDENTIFIER = "com.KimHyunIn.Covid-19";
				PRODUCT_NAME = "$(TARGET_NAME)";
				SWIFT_VERSION = 5.0;
				TARGETED_DEVICE_FAMILY = "1,2";
			};
			name = Release;
		};
/* End XCBuildConfiguration section */

/* Begin XCConfigurationList section */
		1F92AA98250BE770006B2692 /* Build configuration list for PBXProject "Covid-19" */ = {
			isa = XCConfigurationList;
			buildConfigurations = (
				1F92AAAF250BE771006B2692 /* Debug */,
				1F92AAB0250BE771006B2692 /* Release */,
			);
			defaultConfigurationIsVisible = 0;
			defaultConfigurationName = Release;
		};
		1F92AAB1250BE771006B2692 /* Build configuration list for PBXNativeTarget "Covid-19" */ = {
			isa = XCConfigurationList;
			buildConfigurations = (
				1F92AAB2250BE771006B2692 /* Debug */,
				1F92AAB3250BE771006B2692 /* Release */,
			);
			defaultConfigurationIsVisible = 0;
			defaultConfigurationName = Release;
		};
/* End XCConfigurationList section */
	};
	rootObject = 1F92AA95250BE770006B2692 /* Project object */;
}
